<?xml version="1.0" encoding="utf-8"?>
<Project ToolsVersion="4.0" xmlns="http://schemas.microsoft.com/developer/msbuild/2003">
  <ItemGroup>
    <Filter Include="Source Files">
      <UniqueIdentifier>{4FC737F1-C7A5-4376-A066-2A32D752A2FF}</UniqueIdentifier>
      <Extensions>cpp;c;cc;cxx;c++;cppm;ixx;def;odl;idl;hpj;bat;asm;asmx</Extensions>
    </Filter>
    <Filter Include="Header Files">
      <UniqueIdentifier>{93995380-89BD-4b04-88EB-625FBE52EBFB}</UniqueIdentifier>
      <Extensions>h;hh;hpp;hxx;h++;hm;inl;inc;ipp;xsd</Extensions>
    </Filter>
    <Filter Include="Resource Files">
      <UniqueIdentifier>{67DA6AB6-F800-4c08-8B7A-83BB121AAD01}</UniqueIdentifier>
      <Extensions>rc;ico;cur;bmp;dlg;rc2;rct;bin;rgs;gif;jpg;jpeg;jpe;resx;tiff;tif;png;wav;mfcribbon-ms</Extensions>
    </Filter>
    <Filter Include="Source Files\NewFilter1">
      <UniqueIdentifier>{dabeafeb-554f-439c-b9b0-105a7096b48b}</UniqueIdentifier>
    </Filter>
  </ItemGroup>
  <ItemGroup>
    <ClCompile Include="dllmain.cpp">
      <Filter>Source Files</Filter>
    </ClCompile>
    <ClCompile Include="external\minhook\hde\hde32.c">
      <Filter>Source Files</Filter>
    </ClCompile>
    <ClCompile Include="external\minhook\hde\hde64.c">
      <Filter>Source Files</Filter>
    </ClCompile>
    <ClCompile Include="external\minhook\buffer.c">
      <Filter>Source Files</Filter>
    </ClCompile>
    <ClCompile Include="external\minhook\hook.c">
      <Filter>Source Files</Filter>
    </ClCompile>
    <ClCompile Include="external\minhook\trampoline.c">
      <Filter>Source Files</Filter>
    </ClCompile>
    <ClCompile Include="Features\Feature.cpp">
      <Filter>Source Files</Filter>
    </ClCompile>
    <ClCompile Include="Features\ActualFeatures\Flight.cpp">
      <Filter>Source Files</Filter>
    </ClCompile>
    <ClCompile Include="Hooks\Hooks.cpp">
      <Filter>Source Files</Filter>
    </ClCompile>
    <ClCompile Include="Menu\Menu.cpp">
      <Filter>Source Files</Filter>
    </ClCompile>
    <ClCompile Include="Util\TimeUtil.cpp">
      <Filter>Source Files</Filter>
    </ClCompile>
    <ClCompile Include="Renderer\Mesh.cpp">
      <Filter>Source Files</Filter>
    </ClCompile>
    <ClCompile Include="external\glad\src\glad.c">
      <Filter>Source Files</Filter>
    </ClCompile>
    <ClCompile Include="Math\Vector4.h">
      <Filter>Source Files</Filter>
    </ClCompile>
    <ClCompile Include="Renderer\Renderer2D.cpp">
      <Filter>Source Files</Filter>
    </ClCompile>
    <ClCompile Include="Renderer\Shaders.cpp">
      <Filter>Source Files</Filter>
    </ClCompile>
    <ClCompile Include="Util\FileUtil.cpp">
      <Filter>Source Files</Filter>
    </ClCompile>
    <ClCompile Include="Util\RenderUtils.cpp">
      <Filter>Source Files</Filter>
    </ClCompile>
    <ClCompile Include="Util\Util.cpp">
      <Filter>Source Files</Filter>
    </ClCompile>
    <ClCompile Include="sdk\Hytale\Time.h">
      <Filter>Source Files</Filter>
    </ClCompile>
    <ClCompile Include="Renderer\Renderer3D.cpp">
      <Filter>Source Files</Filter>
    </ClCompile>
    <ClCompile Include="Renderer\FontRenderer\Font.cpp">
      <Filter>Source Files</Filter>
    </ClCompile>
    <ClCompile Include="Renderer\FontRenderer\FontLoader.cpp">
      <Filter>Source Files</Filter>
    </ClCompile>
    <ClCompile Include="external\Fonts\figtreemedium.c">
      <Filter>Source Files</Filter>
    </ClCompile>
    <ClCompile Include="Renderer\FontRenderer\Fonts.cpp">
      <Filter>Source Files</Filter>
    </ClCompile>
    <ClCompile Include="Menu\Component.cpp">
      <Filter>Source Files</Filter>
    </ClCompile>
    <ClCompile Include="Menu\Children\FeatureButton.cpp">
      <Filter>Source Files</Filter>
    </ClCompile>
    <ClCompile Include="Menu\Children\Tab.cpp">
      <Filter>Source Files</Filter>
    </ClCompile>
    <ClCompile Include="Features\ActualFeatures\ESP.cpp">
      <Filter>Source Files</Filter>
    </ClCompile>
    <ClCompile Include="Features\ActualFeatures\Nametags.cpp">
      <Filter>Source Files</Filter>
    </ClCompile>
    <ClCompile Include="Features\ActualFeatures\Speed.cpp">
      <Filter>Source Files</Filter>
    </ClCompile>
    <ClCompile Include="Menu\Children\ToggleButton.cpp">
      <Filter>Source Files</Filter>
    </ClCompile>
    <ClCompile Include="Menu\Children\SliderButton.cpp">
      <Filter>Source Files</Filter>
    </ClCompile>
    <ClCompile Include="Menu\Children\MultiButton.cpp">
      <Filter>Source Files</Filter>
    </ClCompile>
    <ClCompile Include="Features\ActualFeatures\NoFall.cpp">
      <Filter>Source Files</Filter>
    </ClCompile>
    <ClCompile Include="Features\ActualFeatures\Gamemode.cpp">
      <Filter>Source Files</Filter>
    </ClCompile>
    <ClCompile Include="sdk\SDK.cpp">
      <Filter>Source Files</Filter>
    </ClCompile>
    <ClCompile Include="Menu\Children\KeybindButton.cpp">
      <Filter>Source Files</Filter>
    </ClCompile>
    <ClCompile Include="Util\KeyUtils.cpp">
      <Filter>Source Files</Filter>
    </ClCompile>
    <ClCompile Include="Menu\Children\ColorButton.cpp">
      <Filter>Source Files</Filter>
    </ClCompile>
    <ClCompile Include="Menu\Children\RecursiveButton.cpp">
      <Filter>Source Files</Filter>
    </ClCompile>
    <ClCompile Include="Features\FeatureHandler.cpp">
      <Filter>Source Files</Filter>
    </ClCompile>
    <ClCompile Include="Features\ActualFeatures\WorldModulate.cpp">
      <Filter>Source Files</Filter>
    </ClCompile>
    <ClCompile Include="Renderer\FramebufferRenderer\FramebufferRenderer.cpp">
      <Filter>Source Files</Filter>
    </ClCompile>
    <ClCompile Include="Hooks\HookedMethods\WglSwapBuffers.cpp">
      <Filter>Source Files</Filter>
    </ClCompile>
    <ClCompile Include="Hooks\HookedMethods\DoMoveCycle.cpp">
      <Filter>Source Files</Filter>
    </ClCompile>
    <ClCompile Include="Hooks\HookedMethods\HandleScreenShotting.cpp">
      <Filter>Source Files</Filter>
    </ClCompile>
    <ClCompile Include="Hooks\HookedMethods\OnUserInput.cpp">
      <Filter>Source Files</Filter>
    </ClCompile>
    <ClCompile Include="Hooks\HookedMethods\WeatherUpdate.cpp">
      <Filter>Source Files</Filter>
    </ClCompile>
    <ClCompile Include="Hooks\HookedMethods\OnChat.cpp">
      <Filter>Source Files</Filter>
    </ClCompile>
    <ClCompile Include="Hooks\HookedMethods\DrawPostEffect.cpp">
      <Filter>Source Files</Filter>
    </ClCompile>
    <ClCompile Include="Hooks\HookedMethods\DrawEntityCharactersAndItems.cpp">
      <Filter>Source Files</Filter>
    </ClCompile>
    <ClCompile Include="Hooks\GCPatch.cpp">
      <Filter>Source Files</Filter>
    </ClCompile>
    <ClCompile Include="Features\ActualFeatures\Outline.cpp">
      <Filter>Source Files</Filter>
    </ClCompile>
    <ClCompile Include="Renderer\FramebufferRenderer\OutlineFboRenderer.cpp">
      <Filter>Source Files</Filter>
    </ClCompile>
    <ClCompile Include="Features\ConfigHandler.cpp">
      <Filter>Source Files</Filter>
    </ClCompile>
    <ClCompile Include="Hooks\HookedMethods\RebuildChunk.cpp">
      <Filter>Source Files</Filter>
    </ClCompile>
    <ClCompile Include="Features\ActualFeatures\Tracers.cpp">
      <Filter>Source Files</Filter>
    </ClCompile>
    <ClCompile Include="Features\ActualFeatures\BlockESP.cpp">
      <Filter>Source Files</Filter>
    </ClCompile>
    <ClCompile Include="Core.cpp">
      <Filter>Source Files</Filter>
    </ClCompile>
    <ClCompile Include="Features\ActualFeatures\Scaffold.cpp">
      <Filter>Source Files</Filter>
    </ClCompile>
    <ClCompile Include="Util\Packet.cpp">
      <Filter>Source Files</Filter>
    </ClCompile>
    <ClCompile Include="sdk\Packets\SyncInteractionChains.h">
      <Filter>Source Files</Filter>
    </ClCompile>
    <ClCompile Include="Hooks\HookedMethods\ProcessPacket.cpp">
      <Filter>Source Files</Filter>
    </ClCompile>
    <ClCompile Include="Hooks\HookedMethods\TimeModuleNewFrame.cpp">
      <Filter>Source Files</Filter>
    </ClCompile>
    <ClCompile Include="Features\ActualFeatures\HitBox.cpp">
      <Filter>Source Files</Filter>
    </ClCompile>
    <ClCompile Include="Menu\Children\BlockSelection\BlockSelectionbutton.cpp">
      <Filter>Source Files</Filter>
    </ClCompile>
    <ClCompile Include="Features\ActualFeatures\RemoteChest.cpp">
      <Filter>Source Files</Filter>
    </ClCompile>
    <ClCompile Include="Menu\Children\BlockSelection\BlockSelectionWindow.cpp">
      <Filter>Source Files</Filter>
    </ClCompile>
    <ClCompile Include="Features\ActualFeatures\NoDeath.cpp">
      <Filter>Source Files</Filter>
    </ClCompile>
    <ClCompile Include="Features\ActualFeatures\Hud.cpp">
      <Filter>Source Files</Filter>
    </ClCompile>
    <ClCompile Include="Menu\Children\HudElement.cpp">
      <Filter>Source Files</Filter>
    </ClCompile>
    <ClCompile Include="Features\ActualFeatures\Hud\WaterMark.cpp">
      <Filter>Source Files</Filter>
    </ClCompile>
    <ClCompile Include="Features\ActualFeatures\Hud\Position.cpp">
      <Filter>Source Files</Filter>
    </ClCompile>
    <ClCompile Include="Features\ActualFeatures\Hud\FeatureList.cpp">
      <Filter>Source Files</Filter>
    </ClCompile>
    <ClCompile Include="Features\ActualFeatures\Hud\PlayerList.cpp">
      <Filter>Source Files</Filter>
    </ClCompile>
    <ClCompile Include="Hooks\HookedMethods\MainMenuPostEffectRendererDraw.cpp">
      <Filter>Source Files</Filter>
    </ClCompile>
    <ClCompile Include="Features\ActualFeatures\MainMenuEffect.cpp">
      <Filter>Source Files</Filter>
    </ClCompile>
    <ClCompile Include="Features\ActualFeatures\MainMenuEffect.h">
      <Filter>Source Files</Filter>
    </ClCompile>
    <ClCompile Include="Features\ActualFeatures\Hud\Addresses.cpp">
      <Filter>Source Files</Filter>
    </ClCompile>
    <ClCompile Include="Hooks\HookedMethods\SocketSend.cpp">
      <Filter>Source Files</Filter>
    </ClCompile>
    <ClCompile Include="Features\ActualFeatures\ChatBlock.cpp">
      <Filter>Source Files</Filter>
    </ClCompile>
  </ItemGroup>
  <ItemGroup>
    <ClInclude Include="external\minhook\hde\hde32.h">
      <Filter>Header Files</Filter>
    </ClInclude>
    <ClInclude Include="external\minhook\hde\hde64.h">
      <Filter>Header Files</Filter>
    </ClInclude>
    <ClInclude Include="external\minhook\hde\pstdint.h">
      <Filter>Header Files</Filter>
    </ClInclude>
    <ClInclude Include="external\minhook\hde\table32.h">
      <Filter>Header Files</Filter>
    </ClInclude>
    <ClInclude Include="external\minhook\hde\table64.h">
      <Filter>Header Files</Filter>
    </ClInclude>
    <ClInclude Include="external\minhook\buffer.h">
      <Filter>Header Files</Filter>
    </ClInclude>
    <ClInclude Include="external\minhook\minhook.h">
      <Filter>Header Files</Filter>
    </ClInclude>
    <ClInclude Include="external\minhook\trampoline.h">
      <Filter>Header Files</Filter>
    </ClInclude>
    <ClInclude Include="sdk\Hytale\MovementVector.h">
      <Filter>Header Files</Filter>
    </ClInclude>
    <ClInclude Include="sdk\Hytale\GameInstance.h">
      <Filter>Header Files</Filter>
    </ClInclude>
    <ClInclude Include="Math\Vector3.h">
      <Filter>Header Files</Filter>
    </ClInclude>
    <ClInclude Include="sdk\Hytale\MoveCmd.h">
      <Filter>Header Files</Filter>
    </ClInclude>
    <ClInclude Include="Features\Feature.h">
      <Filter>Header Files</Filter>
    </ClInclude>
    <ClInclude Include="Features\ActualFeatures\Flight.h">
      <Filter>Header Files</Filter>
    </ClInclude>
    <ClInclude Include="sdk\Hytale\DefaultMovementController.h">
      <Filter>Header Files</Filter>
    </ClInclude>
    <ClInclude Include="Hooks\Hooks.h">
      <Filter>Header Files</Filter>
    </ClInclude>
    <ClInclude Include="sdk\Hytale\ClientMovementStates.h">
      <Filter>Header Files</Filter>
    </ClInclude>
    <ClInclude Include="Menu\Menu.h">
      <Filter>Header Files</Filter>
    </ClInclude>
    <ClInclude Include="Util\TimeUtil.h">
      <Filter>Header Files</Filter>
    </ClInclude>
    <ClInclude Include="Renderer\Mesh.h">
      <Filter>Header Files</Filter>
    </ClInclude>
    <ClInclude Include="external\glad\include\glad\glad.h">
      <Filter>Header Files</Filter>
    </ClInclude>
    <ClInclude Include="external\glad\include\KHR\khrplatform.h">
      <Filter>Header Files</Filter>
    </ClInclude>
    <ClInclude Include="Renderer\Vertex.h">
      <Filter>Header Files</Filter>
    </ClInclude>
    <ClInclude Include="Renderer\Shader.h">
      <Filter>Header Files</Filter>
    </ClInclude>
    <ClInclude Include="Renderer\Renderer2D.h">
      <Filter>Header Files</Filter>
    </ClInclude>
    <ClInclude Include="Renderer\Shaders.h">
      <Filter>Header Files</Filter>
    </ClInclude>
    <ClInclude Include="Core.h">
      <Filter>Header Files</Filter>
    </ClInclude>
    <ClInclude Include="Util\FileUtil.h">
      <Filter>Header Files</Filter>
    </ClInclude>
    <ClInclude Include="Util\Util.h">
      <Filter>Header Files</Filter>
    </ClInclude>
    <ClInclude Include="Math\Matrix4x4.h">
      <Filter>Header Files</Filter>
    </ClInclude>
    <ClInclude Include="sdk\Hytale\Camera.h">
      <Filter>Header Files</Filter>
    </ClInclude>
    <ClInclude Include="Math\Vector2.h">
      <Filter>Header Files</Filter>
    </ClInclude>
    <ClInclude Include="Math\Color.h">
      <Filter>Header Files</Filter>
    </ClInclude>
    <ClInclude Include="Renderer\Renderer3D.h">
      <Filter>Header Files</Filter>
    </ClInclude>
    <ClInclude Include="Renderer\FontRenderer\Font.h">
      <Filter>Header Files</Filter>
    </ClInclude>
    <ClInclude Include="Renderer\FontRenderer\Character.h">
      <Filter>Header Files</Filter>
    </ClInclude>
    <ClInclude Include="Renderer\FontRenderer\Fontloader.h">
      <Filter>Header Files</Filter>
    </ClInclude>
    <ClInclude Include="external\freetype\include\freetype\config\ftconfig.h">
      <Filter>Header Files</Filter>
    </ClInclude>
    <ClInclude Include="external\freetype\include\freetype\config\ftheader.h">
      <Filter>Header Files</Filter>
    </ClInclude>
    <ClInclude Include="external\freetype\include\freetype\config\ftmodule.h">
      <Filter>Header Files</Filter>
    </ClInclude>
    <ClInclude Include="external\freetype\include\freetype\config\ftoption.h">
      <Filter>Header Files</Filter>
    </ClInclude>
    <ClInclude Include="external\freetype\include\freetype\config\ftstdlib.h">
      <Filter>Header Files</Filter>
    </ClInclude>
    <ClInclude Include="external\freetype\include\freetype\config\integer-types.h">
      <Filter>Header Files</Filter>
    </ClInclude>
    <ClInclude Include="external\freetype\include\freetype\config\mac-support.h">
      <Filter>Header Files</Filter>
    </ClInclude>
    <ClInclude Include="external\freetype\include\freetype\config\public-macros.h">
      <Filter>Header Files</Filter>
    </ClInclude>
    <ClInclude Include="external\freetype\include\freetype\freetype.h">
      <Filter>Header Files</Filter>
    </ClInclude>
    <ClInclude Include="external\freetype\include\freetype\ftadvanc.h">
      <Filter>Header Files</Filter>
    </ClInclude>
    <ClInclude Include="external\freetype\include\freetype\ftbbox.h">
      <Filter>Header Files</Filter>
    </ClInclude>
    <ClInclude Include="external\freetype\include\freetype\ftbdf.h">
      <Filter>Header Files</Filter>
    </ClInclude>
    <ClInclude Include="external\freetype\include\freetype\ftbitmap.h">
      <Filter>Header Files</Filter>
    </ClInclude>
    <ClInclude Include="external\freetype\include\freetype\ftbzip2.h">
      <Filter>Header Files</Filter>
    </ClInclude>
    <ClInclude Include="external\freetype\include\freetype\ftcache.h">
      <Filter>Header Files</Filter>
    </ClInclude>
    <ClInclude Include="external\freetype\include\freetype\ftchapters.h">
      <Filter>Header Files</Filter>
    </ClInclude>
    <ClInclude Include="external\freetype\include\freetype\ftcid.h">
      <Filter>Header Files</Filter>
    </ClInclude>
    <ClInclude Include="external\freetype\include\freetype\ftcolor.h">
      <Filter>Header Files</Filter>
    </ClInclude>
    <ClInclude Include="external\freetype\include\freetype\ftdriver.h">
      <Filter>Header Files</Filter>
    </ClInclude>
    <ClInclude Include="external\freetype\include\freetype\fterrdef.h">
      <Filter>Header Files</Filter>
    </ClInclude>
    <ClInclude Include="external\freetype\include\freetype\fterrors.h">
      <Filter>Header Files</Filter>
    </ClInclude>
    <ClInclude Include="external\freetype\include\freetype\ftfntfmt.h">
      <Filter>Header Files</Filter>
    </ClInclude>
    <ClInclude Include="external\freetype\include\freetype\ftgasp.h">
      <Filter>Header Files</Filter>
    </ClInclude>
    <ClInclude Include="external\freetype\include\freetype\ftglyph.h">
      <Filter>Header Files</Filter>
    </ClInclude>
    <ClInclude Include="external\freetype\include\freetype\ftgxval.h">
      <Filter>Header Files</Filter>
    </ClInclude>
    <ClInclude Include="external\freetype\include\freetype\ftgzip.h">
      <Filter>Header Files</Filter>
    </ClInclude>
    <ClInclude Include="external\freetype\include\freetype\ftimage.h">
      <Filter>Header Files</Filter>
    </ClInclude>
    <ClInclude Include="external\freetype\include\freetype\ftincrem.h">
      <Filter>Header Files</Filter>
    </ClInclude>
    <ClInclude Include="external\freetype\include\freetype\ftlcdfil.h">
      <Filter>Header Files</Filter>
    </ClInclude>
    <ClInclude Include="external\freetype\include\freetype\ftlist.h">
      <Filter>Header Files</Filter>
    </ClInclude>
    <ClInclude Include="external\freetype\include\freetype\ftlogging.h">
      <Filter>Header Files</Filter>
    </ClInclude>
    <ClInclude Include="external\freetype\include\freetype\ftlzw.h">
      <Filter>Header Files</Filter>
    </ClInclude>
    <ClInclude Include="external\freetype\include\freetype\ftmac.h">
      <Filter>Header Files</Filter>
    </ClInclude>
    <ClInclude Include="external\freetype\include\freetype\ftmm.h">
      <Filter>Header Files</Filter>
    </ClInclude>
    <ClInclude Include="external\freetype\include\freetype\ftmodapi.h">
      <Filter>Header Files</Filter>
    </ClInclude>
    <ClInclude Include="external\freetype\include\freetype\ftmoderr.h">
      <Filter>Header Files</Filter>
    </ClInclude>
    <ClInclude Include="external\freetype\include\freetype\ftotval.h">
      <Filter>Header Files</Filter>
    </ClInclude>
    <ClInclude Include="external\freetype\include\freetype\ftoutln.h">
      <Filter>Header Files</Filter>
    </ClInclude>
    <ClInclude Include="external\freetype\include\freetype\ftparams.h">
      <Filter>Header Files</Filter>
    </ClInclude>
    <ClInclude Include="external\freetype\include\freetype\ftpfr.h">
      <Filter>Header Files</Filter>
    </ClInclude>
    <ClInclude Include="external\freetype\include\freetype\ftrender.h">
      <Filter>Header Files</Filter>
    </ClInclude>
    <ClInclude Include="external\freetype\include\freetype\ftsizes.h">
      <Filter>Header Files</Filter>
    </ClInclude>
    <ClInclude Include="external\freetype\include\freetype\ftsnames.h">
      <Filter>Header Files</Filter>
    </ClInclude>
    <ClInclude Include="external\freetype\include\freetype\ftstroke.h">
      <Filter>Header Files</Filter>
    </ClInclude>
    <ClInclude Include="external\freetype\include\freetype\ftsynth.h">
      <Filter>Header Files</Filter>
    </ClInclude>
    <ClInclude Include="external\freetype\include\freetype\ftsystem.h">
      <Filter>Header Files</Filter>
    </ClInclude>
    <ClInclude Include="external\freetype\include\freetype\fttrigon.h">
      <Filter>Header Files</Filter>
    </ClInclude>
    <ClInclude Include="external\freetype\include\freetype\fttypes.h">
      <Filter>Header Files</Filter>
    </ClInclude>
    <ClInclude Include="external\freetype\include\freetype\ftwinfnt.h">
      <Filter>Header Files</Filter>
    </ClInclude>
    <ClInclude Include="external\freetype\include\freetype\otsvg.h">
      <Filter>Header Files</Filter>
    </ClInclude>
    <ClInclude Include="external\freetype\include\freetype\t1tables.h">
      <Filter>Header Files</Filter>
    </ClInclude>
    <ClInclude Include="external\freetype\include\freetype\ttnameid.h">
      <Filter>Header Files</Filter>
    </ClInclude>
    <ClInclude Include="external\freetype\include\freetype\tttables.h">
      <Filter>Header Files</Filter>
    </ClInclude>
    <ClInclude Include="external\freetype\include\freetype\tttags.h">
      <Filter>Header Files</Filter>
    </ClInclude>
    <ClInclude Include="external\freetype\include\ft2build.h">
      <Filter>Header Files</Filter>
    </ClInclude>
    <ClInclude Include="Renderer\FontRenderer\Fonts.h">
      <Filter>Header Files</Filter>
    </ClInclude>
    <ClInclude Include="Menu\Component.h">
      <Filter>Header Files</Filter>
    </ClInclude>
    <ClInclude Include="Menu\Children\FeatureButton.h">
      <Filter>Header Files</Filter>
    </ClInclude>
    <ClInclude Include="Menu\Style.h">
      <Filter>Header Files</Filter>
    </ClInclude>
    <ClInclude Include="Menu\Children\Tab.h">
      <Filter>Header Files</Filter>
    </ClInclude>
    <ClInclude Include="sdk\Hytale\AppInGame.h">
      <Filter>Header Files</Filter>
    </ClInclude>
    <ClInclude Include="sdk\Hytale\App.h">
      <Filter>Header Files</Filter>
    </ClInclude>
    <ClInclude Include="sdk\Hytale\EntityStoreModule.h">
      <Filter>Header Files</Filter>
    </ClInclude>
    <ClInclude Include="sdk\Hytale\Entity.h">
      <Filter>Header Files</Filter>
    </ClInclude>
    <ClInclude Include="Features\ActualFeatures\ESP.h">
      <Filter>Header Files</Filter>
    </ClInclude>
    <ClInclude Include="Math\BoundingBox.h">
      <Filter>Header Files</Filter>
    </ClInclude>
    <ClInclude Include="Features\ActualFeatures\Nametags.h">
      <Filter>Header Files</Filter>
    </ClInclude>
    <ClInclude Include="Features\ActualFeatures\Speed.h">
      <Filter>Header Files</Filter>
    </ClInclude>
    <ClInclude Include="Util\InputSystem.h">
      <Filter>Header Files</Filter>
    </ClInclude>
    <ClInclude Include="sdk\Hytale\Input.h">
      <Filter>Header Files</Filter>
    </ClInclude>
    <ClInclude Include="Menu\Children\ToggleButton.h">
      <Filter>Header Files</Filter>
    </ClInclude>
    <ClInclude Include="Menu\Children\SettingButton.h">
      <Filter>Header Files</Filter>
    </ClInclude>
    <ClInclude Include="Features\Setting.h">
      <Filter>Header Files</Filter>
    </ClInclude>
    <ClInclude Include="sdk\Hytale\Engine.h">
      <Filter>Header Files</Filter>
    </ClInclude>
    <ClInclude Include="sdk\Hytale\Window.h">
      <Filter>Header Files</Filter>
    </ClInclude>
    <ClInclude Include="Features\Settings\ToggleSetting.h">
      <Filter>Header Files</Filter>
    </ClInclude>
    <ClInclude Include="Features\Settings\SliderSetting.h">
      <Filter>Header Files</Filter>
    </ClInclude>
    <ClInclude Include="Menu\Children\SliderButton.h">
      <Filter>Header Files</Filter>
    </ClInclude>
    <ClInclude Include="Features\Settings\MultiSetting.h">
      <Filter>Header Files</Filter>
    </ClInclude>
    <ClInclude Include="Menu\Children\MultiButton.h">
      <Filter>Header Files</Filter>
    </ClInclude>
    <ClInclude Include="Features\ActualFeatures\NoFall.h">
      <Filter>Header Files</Filter>
    </ClInclude>
    <ClInclude Include="Features\ActualFeatures\Gamemode.h">
      <Filter>Header Files</Filter>
    </ClInclude>
    <ClInclude Include="sdk\Hytale\InventoryModule.h">
      <Filter>Header Files</Filter>
    </ClInclude>
    <ClInclude Include="sdk\Hytale\CameraModule.h">
      <Filter>Header Files</Filter>
    </ClInclude>
    <ClInclude Include="sdk\Hytale\ICameraController.h">
      <Filter>Header Files</Filter>
    </ClInclude>
    <ClInclude Include="sdk\Hytale\SceneRenderer.h">
      <Filter>Header Files</Filter>
    </ClInclude>
    <ClInclude Include="sdk\SDK.h">
      <Filter>Header Files</Filter>
    </ClInclude>
    <ClInclude Include="Features\Settings\KeybindSetting.h">
      <Filter>Header Files</Filter>
    </ClInclude>
    <ClInclude Include="Menu\Children\KeybindButton.h">
      <Filter>Header Files</Filter>
    </ClInclude>
    <ClInclude Include="sdk\Hytale\Chat.h">
      <Filter>Header Files</Filter>
    </ClInclude>
    <ClInclude Include="Features\Settings\ColorSetting.h">
      <Filter>Header Files</Filter>
    </ClInclude>
    <ClInclude Include="Menu\Children\ColorButton.h">
      <Filter>Header Files</Filter>
    </ClInclude>
    <ClInclude Include="Renderer\SpecialRenderers\AlphaCheckerRenderer.h">
      <Filter>Header Files</Filter>
    </ClInclude>
    <ClInclude Include="Renderer\SpecialRenderers\HueRenderer.h">
      <Filter>Header Files</Filter>
    </ClInclude>
    <ClInclude Include="Menu\Children\RecursiveButton.h">
      <Filter>Header Files</Filter>
    </ClInclude>
    <ClInclude Include="Features\Settings\RecursiveSetting.h">
      <Filter>Header Files</Filter>
    </ClInclude>
    <ClInclude Include="sdk\Hytale\CharacterControllerModule.h">
      <Filter>Header Files</Filter>
    </ClInclude>
    <ClInclude Include="external\freetype\include\freetype\internal\services\svbdf.h">
      <Filter>Header Files</Filter>
    </ClInclude>
    <ClInclude Include="external\freetype\include\freetype\internal\services\svcfftl.h">
      <Filter>Header Files</Filter>
    </ClInclude>
    <ClInclude Include="external\freetype\include\freetype\internal\services\svcid.h">
      <Filter>Header Files</Filter>
    </ClInclude>
    <ClInclude Include="external\freetype\include\freetype\internal\services\svfntfmt.h">
      <Filter>Header Files</Filter>
    </ClInclude>
    <ClInclude Include="external\freetype\include\freetype\internal\services\svgldict.h">
      <Filter>Header Files</Filter>
    </ClInclude>
    <ClInclude Include="external\freetype\include\freetype\internal\services\svgxval.h">
      <Filter>Header Files</Filter>
    </ClInclude>
    <ClInclude Include="external\freetype\include\freetype\internal\services\svkern.h">
      <Filter>Header Files</Filter>
    </ClInclude>
    <ClInclude Include="external\freetype\include\freetype\internal\services\svmetric.h">
      <Filter>Header Files</Filter>
    </ClInclude>
    <ClInclude Include="external\freetype\include\freetype\internal\services\svmm.h">
      <Filter>Header Files</Filter>
    </ClInclude>
    <ClInclude Include="external\freetype\include\freetype\internal\services\svotval.h">
      <Filter>Header Files</Filter>
    </ClInclude>
    <ClInclude Include="external\freetype\include\freetype\internal\services\svpfr.h">
      <Filter>Header Files</Filter>
    </ClInclude>
    <ClInclude Include="external\freetype\include\freetype\internal\services\svpostnm.h">
      <Filter>Header Files</Filter>
    </ClInclude>
    <ClInclude Include="external\freetype\include\freetype\internal\services\svprop.h">
      <Filter>Header Files</Filter>
    </ClInclude>
    <ClInclude Include="external\freetype\include\freetype\internal\services\svpscmap.h">
      <Filter>Header Files</Filter>
    </ClInclude>
    <ClInclude Include="external\freetype\include\freetype\internal\services\svpsinfo.h">
      <Filter>Header Files</Filter>
    </ClInclude>
    <ClInclude Include="external\freetype\include\freetype\internal\services\svsfnt.h">
      <Filter>Header Files</Filter>
    </ClInclude>
    <ClInclude Include="external\freetype\include\freetype\internal\services\svttcmap.h">
      <Filter>Header Files</Filter>
    </ClInclude>
    <ClInclude Include="external\freetype\include\freetype\internal\services\svtteng.h">
      <Filter>Header Files</Filter>
    </ClInclude>
    <ClInclude Include="external\freetype\include\freetype\internal\services\svttglyf.h">
      <Filter>Header Files</Filter>
    </ClInclude>
    <ClInclude Include="external\freetype\include\freetype\internal\services\svwinfnt.h">
      <Filter>Header Files</Filter>
    </ClInclude>
    <ClInclude Include="external\freetype\include\freetype\internal\autohint.h">
      <Filter>Header Files</Filter>
    </ClInclude>
    <ClInclude Include="external\freetype\include\freetype\internal\cffotypes.h">
      <Filter>Header Files</Filter>
    </ClInclude>
    <ClInclude Include="external\freetype\include\freetype\internal\cfftypes.h">
      <Filter>Header Files</Filter>
    </ClInclude>
    <ClInclude Include="external\freetype\include\freetype\internal\compiler-macros.h">
      <Filter>Header Files</Filter>
    </ClInclude>
    <ClInclude Include="external\freetype\include\freetype\internal\ftcalc.h">
      <Filter>Header Files</Filter>
    </ClInclude>
    <ClInclude Include="external\freetype\include\freetype\internal\ftdebug.h">
      <Filter>Header Files</Filter>
    </ClInclude>
    <ClInclude Include="external\freetype\include\freetype\internal\ftdrv.h">
      <Filter>Header Files</Filter>
    </ClInclude>
    <ClInclude Include="external\freetype\include\freetype\internal\ftgloadr.h">
      <Filter>Header Files</Filter>
    </ClInclude>
    <ClInclude Include="external\freetype\include\freetype\internal\fthash.h">
      <Filter>Header Files</Filter>
    </ClInclude>
    <ClInclude Include="external\freetype\include\freetype\internal\ftmemory.h">
      <Filter>Header Files</Filter>
    </ClInclude>
    <ClInclude Include="external\freetype\include\freetype\internal\ftmmtypes.h">
      <Filter>Header Files</Filter>
    </ClInclude>
    <ClInclude Include="external\freetype\include\freetype\internal\ftobjs.h">
      <Filter>Header Files</Filter>
    </ClInclude>
    <ClInclude Include="external\freetype\include\freetype\internal\ftpsprop.h">
      <Filter>Header Files</Filter>
    </ClInclude>
    <ClInclude Include="external\freetype\include\freetype\internal\ftrfork.h">
      <Filter>Header Files</Filter>
    </ClInclude>
    <ClInclude Include="external\freetype\include\freetype\internal\ftserv.h">
      <Filter>Header Files</Filter>
    </ClInclude>
    <ClInclude Include="external\freetype\include\freetype\internal\ftstream.h">
      <Filter>Header Files</Filter>
    </ClInclude>
    <ClInclude Include="external\freetype\include\freetype\internal\fttrace.h">
      <Filter>Header Files</Filter>
    </ClInclude>
    <ClInclude Include="external\freetype\include\freetype\internal\ftvalid.h">
      <Filter>Header Files</Filter>
    </ClInclude>
    <ClInclude Include="external\freetype\include\freetype\internal\psaux.h">
      <Filter>Header Files</Filter>
    </ClInclude>
    <ClInclude Include="external\freetype\include\freetype\internal\pshints.h">
      <Filter>Header Files</Filter>
    </ClInclude>
    <ClInclude Include="external\freetype\include\freetype\internal\sfnt.h">
      <Filter>Header Files</Filter>
    </ClInclude>
    <ClInclude Include="external\freetype\include\freetype\internal\svginterface.h">
      <Filter>Header Files</Filter>
    </ClInclude>
    <ClInclude Include="external\freetype\include\freetype\internal\t1types.h">
      <Filter>Header Files</Filter>
    </ClInclude>
    <ClInclude Include="external\freetype\include\freetype\internal\tttypes.h">
      <Filter>Header Files</Filter>
    </ClInclude>
    <ClInclude Include="external\freetype\include\freetype\internal\wofftypes.h">
      <Filter>Header Files</Filter>
    </ClInclude>
    <ClInclude Include="Events\EventSystem.h">
      <Filter>Header Files</Filter>
    </ClInclude>
    <ClInclude Include="Events\EventRegister.h">
      <Filter>Header Files</Filter>
    </ClInclude>
    <ClInclude Include="Features\FeatureHandler.h">
      <Filter>Header Files</Filter>
    </ClInclude>
    <ClInclude Include="Features\ActualFeatures\WorldModulate.h">
      <Filter>Header Files</Filter>
    </ClInclude>
    <ClInclude Include="Renderer\FramebufferRenderer\FramebufferRenderer.h">
      <Filter>Header Files</Filter>
    </ClInclude>
    <ClInclude Include="Hooks\GCPatch.h">
      <Filter>Header Files</Filter>
    </ClInclude>
    <ClInclude Include="sdk\Hytale\RenderStructs.h">
      <Filter>Header Files</Filter>
    </ClInclude>
    <ClInclude Include="Features\ActualFeatures\Outline.h">
      <Filter>Header Files</Filter>
    </ClInclude>
    <ClInclude Include="Features\ActualFeatures\Outline.h">
      <Filter>Header Files</Filter>
    </ClInclude>
    <ClInclude Include="Renderer\FramebufferRenderer\FrameBuffers.h">
      <Filter>Header Files</Filter>
    </ClInclude>
    <ClInclude Include="Renderer\FramebufferRenderer\OutlineFboRenderer.h">
      <Filter>Header Files</Filter>
    </ClInclude>
    <ClInclude Include="sdk\Hytale\OptionsHelper.h">
      <Filter>Header Files</Filter>
    </ClInclude>
    <ClInclude Include="sdk\Hytale\Paths.h">
      <Filter>Header Files</Filter>
    </ClInclude>
    <ClInclude Include="external\nhollman\json.hpp">
      <Filter>Header Files</Filter>
    </ClInclude>
    <ClInclude Include="Features\ConfigHandler.h">
      <Filter>Header Files</Filter>
    </ClInclude>
    <ClInclude Include="external\nlohman\json.hpp">
      <Filter>Header Files</Filter>
    </ClInclude>
    <ClInclude Include="sdk\BaseDataTypes\Array.h">
      <Filter>Header Files</Filter>
    </ClInclude>
    <ClInclude Include="sdk\BaseDataTypes\ConcurrentDictionary.h">
      <Filter>Header Files</Filter>
    </ClInclude>
    <ClInclude Include="sdk\BaseDataTypes\Dictionary.h">
      <Filter>Header Files</Filter>
    </ClInclude>
    <ClInclude Include="sdk\Hytale\Chunk.h">
      <Filter>Header Files</Filter>
    </ClInclude>
    <ClInclude Include="sdk\Hytale\ChunkColumn.h">
      <Filter>Header Files</Filter>
    </ClInclude>
    <ClInclude Include="sdk\Hytale\ChunkData.h">
      <Filter>Header Files</Filter>
    </ClInclude>
    <ClInclude Include="sdk\Hytale\ClientBlockType.h">
      <Filter>Header Files</Filter>
    </ClInclude>
    <ClInclude Include="sdk\Hytale\MapModule.h">
      <Filter>Header Files</Filter>
    </ClInclude>
    <ClInclude Include="sdk\BaseDataTypes\HytaleString.h">
      <Filter>Header Files</Filter>
    </ClInclude>
    <ClInclude Include="sdk\Hytale\PaletteChunkData.h">
      <Filter>Header Files</Filter>
    </ClInclude>
    <ClInclude Include="Features\ActualFeatures\Tracers.h">
      <Filter>Header Files</Filter>
    </ClInclude>
    <ClInclude Include="Features\ActualFeatures\BlockESP.h">
      <Filter>Header Files</Filter>
    </ClInclude>
    <ClInclude Include="sdk\Hytale\InteractionModule.h">
      <Filter>Header Files</Filter>
    </ClInclude>
    <ClInclude Include="sdk\Hytale\BlockPlacementPreview.h">
      <Filter>Header Files</Filter>
    </ClInclude>
    <ClInclude Include="sdk\Hytale\ItemLibraryModule.h">
      <Filter>Header Files</Filter>
    </ClInclude>
    <ClInclude Include="sdk\Packets\Structs\Enums.h">
      <Filter>Header Files</Filter>
    </ClInclude>
    <ClInclude Include="sdk\Packets\Structs\IndependentStructs.h">
      <Filter>Header Files</Filter>
    </ClInclude>
    <ClInclude Include="Features\ActualFeatures\Scaffold.h">
      <Filter>Header Files</Filter>
    </ClInclude>
    <ClInclude Include="sdk\BaseDataTypes\MethodTable.h">
      <Filter>Header Files</Filter>
    </ClInclude>
    <ClInclude Include="sdk\Hytale\ClientItemBase.h">
      <Filter>Header Files</Filter>
    </ClInclude>
    <ClInclude Include="sdk\Packets\ClientBlockPlace.h">
      <Filter>Header Files</Filter>
    </ClInclude>
    <ClInclude Include="sdk\Packets\PacketRegistry.h">
      <Filter>Header Files</Filter>
    </ClInclude>
    <ClInclude Include="Util\Packet.h">
      <Filter>Header Files</Filter>
    </ClInclude>
    <ClInclude Include="Util\SigManager.h">
      <Filter>Header Files</Filter>
    </ClInclude>
    <ClInclude Include="sdk\BaseDataTypes\Object.h">
      <Filter>Header Files</Filter>
    </ClInclude>
    <ClInclude Include="sdk\Packets\UpdateBlockDamage.h">
      <Filter>Header Files</Filter>
    </ClInclude>
    <ClInclude Include="sdk\Packets\UpdateWorldMap.h">
      <Filter>Header Files</Filter>
    </ClInclude>
    <ClInclude Include="Features\ActualFeatures\HitBox.h">
      <Filter>Header Files</Filter>
    </ClInclude>
    <ClInclude Include="Features\Settings\BlockSelection\BlockSetting.h">
      <Filter>Header Files</Filter>
    </ClInclude>
    <ClInclude Include="Menu\Children\BlockSelection\BlockSelectionButton.h">
      <Filter>Header Files</Filter>
    </ClInclude>
    <ClInclude Include="Features\ActualFeatures\NoDeath.h">
      <Filter>Header Files</Filter>
    </ClInclude>
    <ClInclude Include="Features\ActualFeatures\RemoteChest.h">
      <Filter>Header Files</Filter>
    </ClInclude>
    <ClInclude Include="Features\Settings\BlockSelection\BlockSelection.h">
      <Filter>Header Files</Filter>
    </ClInclude>
    <ClInclude Include="Menu\Children\BlockSelection\BlockSelectionWindow.h">
      <Filter>Header Files</Filter>
    </ClInclude>
    <ClInclude Include="sdk\Hytale\BuildInfo.h">
      <Filter>Header Files</Filter>
    </ClInclude>
    <ClInclude Include="sdk\Hytale\ClientRootInteraction.h">
      <Filter>Header Files</Filter>
    </ClInclude>
    <ClInclude Include="sdk\Hytale\RaycastHit.h">
      <Filter>Header Files</Filter>
    </ClInclude>
    <ClInclude Include="Util\Hash.h">
      <Filter>Header Files</Filter>
    </ClInclude>
    <ClInclude Include="Util\NativeAOTAPI.h">
      <Filter>Header Files</Filter>
    </ClInclude>
    <ClInclude Include="Features\ActualFeatures\Hud.h">
      <Filter>Header Files</Filter>
    </ClInclude>
    <ClInclude Include="Features\HudFeature.h">
      <Filter>Header Files</Filter>
    </ClInclude>
    <ClInclude Include="Menu\Children\HudElement.h">
      <Filter>Header Files</Filter>
    </ClInclude>
    <ClInclude Include="Features\ActualFeatures\Hud\WaterMark.h">
      <Filter>Header Files</Filter>
    </ClInclude>
    <ClInclude Include="Features\ActualFeatures\Hud\Position.h">
      <Filter>Header Files</Filter>
    </ClInclude>
    <ClInclude Include="Features\ActualFeatures\Hud\FeatureList.h">
      <Filter>Header Files</Filter>
    </ClInclude>
    <ClInclude Include="Features\ActualFeatures\Hud\PlayerList.h">
      <Filter>Header Files</Filter>
    </ClInclude>
    <ClInclude Include="Renderer\SpecialRenderers\MenuRenderer.h">
      <Filter>Header Files</Filter>
    </ClInclude>
    <ClInclude Include="Renderer\shaders\PostProcess.h">
      <Filter>Header Files</Filter>
    </ClInclude>
    <ClInclude Include="Renderer\shaders\PosColor.h">
      <Filter>Header Files</Filter>
    </ClInclude>
    <ClInclude Include="Renderer\shaders\Text.h">
      <Filter>Header Files</Filter>
    </ClInclude>
    <ClInclude Include="Renderer\shaders\AlphaChecker.h">
      <Filter>Header Files</Filter>
    </ClInclude>
    <ClInclude Include="Renderer\shaders\Hue.h">
      <Filter>Header Files</Filter>
    </ClInclude>
    <ClInclude Include="sdk\Hytale\AppMainMenu.h">
      <Filter>Header Files</Filter>
    </ClInclude>
    <ClInclude Include="Renderer\shaders\MainMenu\City.h">
      <Filter>Header Files</Filter>
    </ClInclude>
    <ClInclude Include="Renderer\shaders\MainMenu\Ghost.h">
      <Filter>Header Files</Filter>
    </ClInclude>
    <ClInclude Include="Renderer\shaders\MainMenu\Fractal.h">
      <Filter>Header Files</Filter>
    </ClInclude>
    <ClInclude Include="Renderer\shaders\MainMenu\Happy.h">
      <Filter>Header Files</Filter>
    </ClInclude>
    <ClInclude Include="Renderer\shaders\MainMenu\MobiusSphere.h">
      <Filter>Header Files</Filter>
    </ClInclude>
    <ClInclude Include="Renderer\shaders\MainMenu\Hexagon.h">
      <Filter>Header Files</Filter>
    </ClInclude>
    <ClInclude Include="Renderer\shaders\MainMenu\Bubble.h">
      <Filter>Header Files</Filter>
    </ClInclude>
    <ClInclude Include="Renderer\shaders\MainMenu\Cells.h">
      <Filter>Header Files</Filter>
    </ClInclude>
    <ClInclude Include="Features\ActualFeatures\Hud\Addresses.h">
      <Filter>Header Files</Filter>
    </ClInclude>
    <ClInclude Include="Renderer\shaders\MainMenu\Octagram.h">
      <Filter>Header Files</Filter>
    </ClInclude>
    <ClInclude Include="sdk\Packets\DropItemStack.h">
      <Filter>Header Files</Filter>
    </ClInclude>
    <ClInclude Include="sdk\Packets\MoveItemStack.h">
      <Filter>Header Files</Filter>
    </ClInclude>
    <ClInclude Include="Features\ActualFeatures\ChatBlock.h">
      <Filter>Header Files</Filter>
    </ClInclude>
  </ItemGroup>
  <ItemGroup>
    <None Include="external\imgui-1.92.5\examples\libs\emscripten\shell_minimal.html" />
  </ItemGroup>
</Project>